
Microsoft Visual Studio Solution File, Format Version 12.00
Project("{2150E333-8FDC-42A3-9474-1A3956D46DE8}") = "UserService", "UserService", "{6F12C4E8-78ED-4833-A97A-F2FA7692BEDE}"
EndProject
Project("{2150E333-8FDC-42A3-9474-1A3956D46DE8}") = "Shared", "Shared", "{7E444701-4C2B-4750-A4A2-6D96AFD42998}"
EndProject
Project("{FAE04EC0-301F-11D3-BF4B-00C04F79EFBC}") = "S.Shared", "S.Shared\S.Shared.csproj", "{4504A4F2-2052-4D82-BD71-F53C64FA38C6}"
EndProject
Project("{FAE04EC0-301F-11D3-BF4B-00C04F79EFBC}") = "S.Shared.Tests", "S.Shared.Tests\S.Shared.Tests.csproj", "{614A34B8-076E-46A8-BDB1-C33A73F5FFC4}"
EndProject
Project("{2150E333-8FDC-42A3-9474-1A3956D46DE8}") = "SettingService", "SettingService", "{6BC36141-C93B-455C-AB79-ACCC8CFE9F7E}"
EndProject
Project("{FAE04EC0-301F-11D3-BF4B-00C04F79EFBC}") = "S.UserService.Api", "UserService\S.UserService.Api\S.UserService.Api.csproj", "{241C0174-0162-4402-ADBC-CCF48276C2AD}"
EndProject
Project("{FAE04EC0-301F-11D3-BF4B-00C04F79EFBC}") = "S.UserService.Shared", "UserService\S.UserService.Shared\S.UserService.Shared.csproj", "{73545040-3449-4E91-8488-2FD5622183F4}"
EndProject
Project("{FAE04EC0-301F-11D3-BF4B-00C04F79EFBC}") = "S.UserService.Tests", "UserService\S.UserService.Tests\S.UserService.Tests.csproj", "{6FF4F57A-64EF-4A81-AF15-B4F704E7F7FE}"
EndProject
Project("{FAE04EC0-301F-11D3-BF4B-00C04F79EFBC}") = "S.SettingService.Api", "SettingService\S.SettingService.Api\S.SettingService.Api.csproj", "{2CDCC34A-5A22-4C77-9447-B7668BBB4CB9}"
EndProject
Project("{FAE04EC0-301F-11D3-BF4B-00C04F79EFBC}") = "S.SettingService.Shared", "SettingService\S.SettingService.Shared\S.SettingService.Shared.csproj", "{CD16B38C-71B7-4AEA-A966-7CF92AFF9739}"
EndProject
Project("{FAE04EC0-301F-11D3-BF4B-00C04F79EFBC}") = "S.SettingService.Tests", "SettingService\S.SettingService.Tests\S.SettingService.Tests.csproj", "{F552AD11-62E3-43F2-B592-535E06EDCB9E}"
EndProject
Global
	GlobalSection(SolutionConfigurationPlatforms) = preSolution
		Debug|Any CPU = Debug|Any CPU
		Release|Any CPU = Release|Any CPU
	EndGlobalSection
	GlobalSection(NestedProjects) = preSolution
		{4504A4F2-2052-4D82-BD71-F53C64FA38C6} = {7E444701-4C2B-4750-A4A2-6D96AFD42998}
		{614A34B8-076E-46A8-BDB1-C33A73F5FFC4} = {7E444701-4C2B-4750-A4A2-6D96AFD42998}
		{241C0174-0162-4402-ADBC-CCF48276C2AD} = {6F12C4E8-78ED-4833-A97A-F2FA7692BEDE}
		{73545040-3449-4E91-8488-2FD5622183F4} = {6F12C4E8-78ED-4833-A97A-F2FA7692BEDE}
		{6FF4F57A-64EF-4A81-AF15-B4F704E7F7FE} = {6F12C4E8-78ED-4833-A97A-F2FA7692BEDE}
		{2CDCC34A-5A22-4C77-9447-B7668BBB4CB9} = {6BC36141-C93B-455C-AB79-ACCC8CFE9F7E}
		{CD16B38C-71B7-4AEA-A966-7CF92AFF9739} = {6BC36141-C93B-455C-AB79-ACCC8CFE9F7E}
		{F552AD11-62E3-43F2-B592-535E06EDCB9E} = {6BC36141-C93B-455C-AB79-ACCC8CFE9F7E}
	EndGlobalSection
	GlobalSection(ProjectConfigurationPlatforms) = postSolution
		{4504A4F2-2052-4D82-BD71-F53C64FA38C6}.Debug|Any CPU.ActiveCfg = Debug|Any CPU
		{4504A4F2-2052-4D82-BD71-F53C64FA38C6}.Debug|Any CPU.Build.0 = Debug|Any CPU
		{4504A4F2-2052-4D82-BD71-F53C64FA38C6}.Release|Any CPU.ActiveCfg = Release|Any CPU
		{4504A4F2-2052-4D82-BD71-F53C64FA38C6}.Release|Any CPU.Build.0 = Release|Any CPU
		{614A34B8-076E-46A8-BDB1-C33A73F5FFC4}.Debug|Any CPU.ActiveCfg = Debug|Any CPU
		{614A34B8-076E-46A8-BDB1-C33A73F5FFC4}.Debug|Any CPU.Build.0 = Debug|Any CPU
		{614A34B8-076E-46A8-BDB1-C33A73F5FFC4}.Release|Any CPU.ActiveCfg = Release|Any CPU
		{614A34B8-076E-46A8-BDB1-C33A73F5FFC4}.Release|Any CPU.Build.0 = Release|Any CPU
		{241C0174-0162-4402-ADBC-CCF48276C2AD}.Debug|Any CPU.ActiveCfg = Debug|Any CPU
		{241C0174-0162-4402-ADBC-CCF48276C2AD}.Debug|Any CPU.Build.0 = Debug|Any CPU
		{241C0174-0162-4402-ADBC-CCF48276C2AD}.Release|Any CPU.ActiveCfg = Release|Any CPU
		{241C0174-0162-4402-ADBC-CCF48276C2AD}.Release|Any CPU.Build.0 = Release|Any CPU
		{73545040-3449-4E91-8488-2FD5622183F4}.Debug|Any CPU.ActiveCfg = Debug|Any CPU
		{73545040-3449-4E91-8488-2FD5622183F4}.Debug|Any CPU.Build.0 = Debug|Any CPU
		{73545040-3449-4E91-8488-2FD5622183F4}.Release|Any CPU.ActiveCfg = Release|Any CPU
		{73545040-3449-4E91-8488-2FD5622183F4}.Release|Any CPU.Build.0 = Release|Any CPU
		{6FF4F57A-64EF-4A81-AF15-B4F704E7F7FE}.Debug|Any CPU.ActiveCfg = Debug|Any CPU
		{6FF4F57A-64EF-4A81-AF15-B4F704E7F7FE}.Debug|Any CPU.Build.0 = Debug|Any CPU
		{6FF4F57A-64EF-4A81-AF15-B4F704E7F7FE}.Release|Any CPU.ActiveCfg = Release|Any CPU
		{6FF4F57A-64EF-4A81-AF15-B4F704E7F7FE}.Release|Any CPU.Build.0 = Release|Any CPU
		{2CDCC34A-5A22-4C77-9447-B7668BBB4CB9}.Debug|Any CPU.ActiveCfg = Debug|Any CPU
		{2CDCC34A-5A22-4C77-9447-B7668BBB4CB9}.Debug|Any CPU.Build.0 = Debug|Any CPU
		{2CDCC34A-5A22-4C77-9447-B7668BBB4CB9}.Release|Any CPU.ActiveCfg = Release|Any CPU
		{2CDCC34A-5A22-4C77-9447-B7668BBB4CB9}.Release|Any CPU.Build.0 = Release|Any CPU
		{CD16B38C-71B7-4AEA-A966-7CF92AFF9739}.Debug|Any CPU.ActiveCfg = Debug|Any CPU
		{CD16B38C-71B7-4AEA-A966-7CF92AFF9739}.Debug|Any CPU.Build.0 = Debug|Any CPU
		{CD16B38C-71B7-4AEA-A966-7CF92AFF9739}.Release|Any CPU.ActiveCfg = Release|Any CPU
		{CD16B38C-71B7-4AEA-A966-7CF92AFF9739}.Release|Any CPU.Build.0 = Release|Any CPU
		{F552AD11-62E3-43F2-B592-535E06EDCB9E}.Debug|Any CPU.ActiveCfg = Debug|Any CPU
		{F552AD11-62E3-43F2-B592-535E06EDCB9E}.Debug|Any CPU.Build.0 = Debug|Any CPU
		{F552AD11-62E3-43F2-B592-535E06EDCB9E}.Release|Any CPU.ActiveCfg = Release|Any CPU
		{F552AD11-62E3-43F2-B592-535E06EDCB9E}.Release|Any CPU.Build.0 = Release|Any CPU
	EndGlobalSection
EndGlobal
