
Microsoft Visual Studio Solution File, Format Version 12.00
Project("{2150E333-8FDC-42A3-9474-1A3956D46DE8}") = "UserService", "UserService", "{6F12C4E8-78ED-4833-A97A-F2FA7692BEDE}"
EndProject
Project("{FAE04EC0-301F-11D3-BF4B-00C04F79EFBC}") = "S.UserService.Api", "S.UserService.Api\S.UserService.Api.csproj", "{B8220733-83CB-4F66-A4A8-AD3BF462A9B0}"
EndProject
Project("{FAE04EC0-301F-11D3-BF4B-00C04F79EFBC}") = "S.UserService.Shared", "S.UserService.Shared\S.UserService.Shared.csproj", "{49E845E9-870D-4ED9-A53A-BBB611CFC392}"
EndProject
Project("{FAE04EC0-301F-11D3-BF4B-00C04F79EFBC}") = "S.UserService.Tests", "S.UserService.Tests\S.UserService.Tests.csproj", "{881459F8-644C-4D17-988E-E5AC9CBF0BEB}"
EndProject
Project("{2150E333-8FDC-42A3-9474-1A3956D46DE8}") = "Shared", "Shared", "{7E444701-4C2B-4750-A4A2-6D96AFD42998}"
EndProject
Project("{FAE04EC0-301F-11D3-BF4B-00C04F79EFBC}") = "S.Shared", "S.Shared\S.Shared.csproj", "{4504A4F2-2052-4D82-BD71-F53C64FA38C6}"
EndProject
Project("{FAE04EC0-301F-11D3-BF4B-00C04F79EFBC}") = "S.Shared.Tests", "S.Shared.Tests\S.Shared.Tests.csproj", "{614A34B8-076E-46A8-BDB1-C33A73F5FFC4}"
EndProject
Global
	GlobalSection(SolutionConfigurationPlatforms) = preSolution
		Debug|Any CPU = Debug|Any CPU
		Release|Any CPU = Release|Any CPU
	EndGlobalSection
	GlobalSection(NestedProjects) = preSolution
		{B8220733-83CB-4F66-A4A8-AD3BF462A9B0} = {6F12C4E8-78ED-4833-A97A-F2FA7692BEDE}
		{49E845E9-870D-4ED9-A53A-BBB611CFC392} = {6F12C4E8-78ED-4833-A97A-F2FA7692BEDE}
		{881459F8-644C-4D17-988E-E5AC9CBF0BEB} = {6F12C4E8-78ED-4833-A97A-F2FA7692BEDE}
		{4504A4F2-2052-4D82-BD71-F53C64FA38C6} = {7E444701-4C2B-4750-A4A2-6D96AFD42998}
		{614A34B8-076E-46A8-BDB1-C33A73F5FFC4} = {7E444701-4C2B-4750-A4A2-6D96AFD42998}
	EndGlobalSection
	GlobalSection(ProjectConfigurationPlatforms) = postSolution
		{B8220733-83CB-4F66-A4A8-AD3BF462A9B0}.Debug|Any CPU.ActiveCfg = Debug|Any CPU
		{B8220733-83CB-4F66-A4A8-AD3BF462A9B0}.Debug|Any CPU.Build.0 = Debug|Any CPU
		{B8220733-83CB-4F66-A4A8-AD3BF462A9B0}.Release|Any CPU.ActiveCfg = Release|Any CPU
		{B8220733-83CB-4F66-A4A8-AD3BF462A9B0}.Release|Any CPU.Build.0 = Release|Any CPU
		{49E845E9-870D-4ED9-A53A-BBB611CFC392}.Debug|Any CPU.ActiveCfg = Debug|Any CPU
		{49E845E9-870D-4ED9-A53A-BBB611CFC392}.Debug|Any CPU.Build.0 = Debug|Any CPU
		{49E845E9-870D-4ED9-A53A-BBB611CFC392}.Release|Any CPU.ActiveCfg = Release|Any CPU
		{49E845E9-870D-4ED9-A53A-BBB611CFC392}.Release|Any CPU.Build.0 = Release|Any CPU
		{881459F8-644C-4D17-988E-E5AC9CBF0BEB}.Debug|Any CPU.ActiveCfg = Debug|Any CPU
		{881459F8-644C-4D17-988E-E5AC9CBF0BEB}.Debug|Any CPU.Build.0 = Debug|Any CPU
		{881459F8-644C-4D17-988E-E5AC9CBF0BEB}.Release|Any CPU.ActiveCfg = Release|Any CPU
		{881459F8-644C-4D17-988E-E5AC9CBF0BEB}.Release|Any CPU.Build.0 = Release|Any CPU
		{4504A4F2-2052-4D82-BD71-F53C64FA38C6}.Debug|Any CPU.ActiveCfg = Debug|Any CPU
		{4504A4F2-2052-4D82-BD71-F53C64FA38C6}.Debug|Any CPU.Build.0 = Debug|Any CPU
		{4504A4F2-2052-4D82-BD71-F53C64FA38C6}.Release|Any CPU.ActiveCfg = Release|Any CPU
		{4504A4F2-2052-4D82-BD71-F53C64FA38C6}.Release|Any CPU.Build.0 = Release|Any CPU
		{614A34B8-076E-46A8-BDB1-C33A73F5FFC4}.Debug|Any CPU.ActiveCfg = Debug|Any CPU
		{614A34B8-076E-46A8-BDB1-C33A73F5FFC4}.Debug|Any CPU.Build.0 = Debug|Any CPU
		{614A34B8-076E-46A8-BDB1-C33A73F5FFC4}.Release|Any CPU.ActiveCfg = Release|Any CPU
		{614A34B8-076E-46A8-BDB1-C33A73F5FFC4}.Release|Any CPU.Build.0 = Release|Any CPU
	EndGlobalSection
EndGlobal
